
Microsoft Visual Studio Solution File, Format Version 12.00
Project("{FAE04EC0-301F-11D3-BF4B-00C04F79EFBC}") = "WebHost", "WebHost\WebHost.csproj", "{CD94A9E5-97EF-4EF9-9783-502497420B57}"
EndProject
Global
	GlobalSection(SolutionConfigurationPlatforms) = preSolution
		Debug|Any CPU = Debug|Any CPU
		Release|Any CPU = Release|Any CPU
	EndGlobalSection
	GlobalSection(ProjectConfigurationPlatforms) = postSolution
		{CD94A9E5-97EF-4EF9-9783-502497420B57}.Debug|Any CPU.ActiveCfg = Debug|Any CPU
		{CD94A9E5-97EF-4EF9-9783-502497420B57}.Debug|Any CPU.Build.0 = Debug|Any CPU
		{CD94A9E5-97EF-4EF9-9783-502497420B57}.Release|Any CPU.ActiveCfg = Release|Any CPU
		{CD94A9E5-97EF-4EF9-9783-502497420B57}.Release|Any CPU.Build.0 = Release|Any CPU
	EndGlobalSection
EndGlobal
